<?xml version="1.0" encoding="utf-8"?>
<Project ToolsVersion="4.0" xmlns="http://schemas.microsoft.com/developer/msbuild/2003">
  <ItemGroup>
    <Filter Include="source">
      <UniqueIdentifier>{5c9c44bd-c075-4908-b796-da9a850a7b39}</UniqueIdentifier>
    </Filter>
  </ItemGroup>
  <ItemGroup>
    <ClCompile Include="..\source\ConsoleGraphics.cpp">
      <Filter>source</Filter>
    </ClCompile>
    <ClCompile Include="..\source\Flappy.cpp">
      <Filter>source</Filter>
    </ClCompile>
    <ClCompile Include="..\source\main.cpp">
      <Filter>source</Filter>
    </ClCompile>
  </ItemGroup>
  <ItemGroup>
    <ClInclude Include="..\source\ConsoleGraphics.h">
      <Filter>source</Filter>
    </ClInclude>
    <ClInclude Include="..\source\Flappy.h">
      <Filter>source</Filter>
    </ClInclude>
  </ItemGroup>
</Project>